
Microsoft Visual Studio Solution File, Format Version 11.00
# Visual Studio 2010
Project("{FAE04EC0-301F-11D3-BF4B-00C04F79EFBC}") = "ASPTokenInputTest", "ASPTokenInputTest\ASPTokenInputTest.csproj", "{91AAEA1D-E2DF-41C7-B0DB-A2DA5BFC14D4}"
EndProject
Project("{FAE04EC0-301F-11D3-BF4B-00C04F79EFBC}") = "ASPTokenInputLib", "ASPTokenInputLib\ASPTokenInputLib.csproj", "{E5D60651-34DD-497F-B50D-B459FD538518}"
EndProject
Global
	GlobalSection(SolutionConfigurationPlatforms) = preSolution
		Debug|Any CPU = Debug|Any CPU
		Release|Any CPU = Release|Any CPU
	EndGlobalSection
	GlobalSection(ProjectConfigurationPlatforms) = postSolution
		{91AAEA1D-E2DF-41C7-B0DB-A2DA5BFC14D4}.Debug|Any CPU.ActiveCfg = Debug|Any CPU
		{91AAEA1D-E2DF-41C7-B0DB-A2DA5BFC14D4}.Debug|Any CPU.Build.0 = Debug|Any CPU
		{91AAEA1D-E2DF-41C7-B0DB-A2DA5BFC14D4}.Release|Any CPU.ActiveCfg = Release|Any CPU
		{91AAEA1D-E2DF-41C7-B0DB-A2DA5BFC14D4}.Release|Any CPU.Build.0 = Release|Any CPU
		{E5D60651-34DD-497F-B50D-B459FD538518}.Debug|Any CPU.ActiveCfg = Debug|Any CPU
		{E5D60651-34DD-497F-B50D-B459FD538518}.Debug|Any CPU.Build.0 = Debug|Any CPU
		{E5D60651-34DD-497F-B50D-B459FD538518}.Release|Any CPU.ActiveCfg = Release|Any CPU
		{E5D60651-34DD-497F-B50D-B459FD538518}.Release|Any CPU.Build.0 = Release|Any CPU
	EndGlobalSection
	GlobalSection(SolutionProperties) = preSolution
		HideSolutionNode = FALSE
	EndGlobalSection
EndGlobal
